PODS:
  - Flutter (1.0.0)
  - Kingfisher (7.2.1)
  - yingzi_flutter_image_cache (0.0.1):
    - Flutter
    - Kingfisher (~> 7.0)

DEPENDENCIES:
  - Flutter (from `Flutter`)
  - yingzi_flutter_image_cache (from `.symlinks/plugins/yingzi_flutter_image_cache/ios`)

SPEC REPOS:
  trunk:
    - Kingfisher

EXTERNAL SOURCES:
  Flutter:
    :path: Flutter
  yingzi_flutter_image_cache:
    :path: ".symlinks/plugins/yingzi_flutter_image_cache/ios"

SPEC CHECKSUMS:
  Flutter: 434fef37c0980e73bb6479ef766c45957d4b510c
  Kingfisher: 7c084bebf7d548c623ad41bcf765fb200efed369
  yingzi_flutter_image_cache: c23e4883b43625597eac18cf0b5c4e8ff1958acf

PODFILE CHECKSUM: aafe91acc616949ddb318b77800a7f51bffa2a4c

COCOAPODS: 1.11.3
